
Microsoft Visual Studio Solution File, Format Version 12.00
# Visual Studio Version 17
VisualStudioVersion = 17.4.33122.133
MinimumVisualStudioVersion = 10.0.40219.1
Project("{FAE04EC0-301F-11D3-BF4B-00C04F79EFBC}") = "Задача 34", "Задача 34.csproj", "{80874B60-C554-4A5B-82CB-CA765EC67FF3}"
EndProject
Global
	GlobalSection(SolutionConfigurationPlatforms) = preSolution
		Debug|Any CPU = Debug|Any CPU
		Release|Any CPU = Release|Any CPU
	EndGlobalSection
	GlobalSection(ProjectConfigurationPlatforms) = postSolution
		{80874B60-C554-4A5B-82CB-CA765EC67FF3}.Debug|Any CPU.ActiveCfg = Debug|Any CPU
		{80874B60-C554-4A5B-82CB-CA765EC67FF3}.Debug|Any CPU.Build.0 = Debug|Any CPU
		{80874B60-C554-4A5B-82CB-CA765EC67FF3}.Release|Any CPU.ActiveCfg = Release|Any CPU
		{80874B60-C554-4A5B-82CB-CA765EC67FF3}.Release|Any CPU.Build.0 = Release|Any CPU
	EndGlobalSection
	GlobalSection(SolutionProperties) = preSolution
		HideSolutionNode = FALSE
	EndGlobalSection
	GlobalSection(ExtensibilityGlobals) = postSolution
		SolutionGuid = {AFB3EB7F-0050-4C02-95B3-255161F45701}
	EndGlobalSection
EndGlobal
