
Microsoft Visual Studio Solution File, Format Version 12.00
# Visual Studio Version 17
VisualStudioVersion = 17.4.33122.133
MinimumVisualStudioVersion = 10.0.40219.1
Project("{FAE04EC0-301F-11D3-BF4B-00C04F79EFBC}") = "Задание 15", "Задание 15.csproj", "{BEAD1216-866F-4133-8CBD-2140D6D7BBB8}"
EndProject
Global
	GlobalSection(SolutionConfigurationPlatforms) = preSolution
		Debug|Any CPU = Debug|Any CPU
		Release|Any CPU = Release|Any CPU
	EndGlobalSection
	GlobalSection(ProjectConfigurationPlatforms) = postSolution
		{BEAD1216-866F-4133-8CBD-2140D6D7BBB8}.Debug|Any CPU.ActiveCfg = Debug|Any CPU
		{BEAD1216-866F-4133-8CBD-2140D6D7BBB8}.Debug|Any CPU.Build.0 = Debug|Any CPU
		{BEAD1216-866F-4133-8CBD-2140D6D7BBB8}.Release|Any CPU.ActiveCfg = Release|Any CPU
		{BEAD1216-866F-4133-8CBD-2140D6D7BBB8}.Release|Any CPU.Build.0 = Release|Any CPU
	EndGlobalSection
	GlobalSection(SolutionProperties) = preSolution
		HideSolutionNode = FALSE
	EndGlobalSection
	GlobalSection(ExtensibilityGlobals) = postSolution
		SolutionGuid = {20575487-EE6A-453E-A3E0-8C146D538C4F}
	EndGlobalSection
EndGlobal
