
Microsoft Visual Studio Solution File, Format Version 12.00
# Visual Studio Version 17
VisualStudioVersion = 17.4.33122.133
MinimumVisualStudioVersion = 10.0.40219.1
Project("{FAE04EC0-301F-11D3-BF4B-00C04F79EFBC}") = "Задание 56", "Задание 56.csproj", "{7FEBCCFF-7FA9-4F02-A164-FE037C931965}"
EndProject
Global
	GlobalSection(SolutionConfigurationPlatforms) = preSolution
		Debug|Any CPU = Debug|Any CPU
		Release|Any CPU = Release|Any CPU
	EndGlobalSection
	GlobalSection(ProjectConfigurationPlatforms) = postSolution
		{7FEBCCFF-7FA9-4F02-A164-FE037C931965}.Debug|Any CPU.ActiveCfg = Debug|Any CPU
		{7FEBCCFF-7FA9-4F02-A164-FE037C931965}.Debug|Any CPU.Build.0 = Debug|Any CPU
		{7FEBCCFF-7FA9-4F02-A164-FE037C931965}.Release|Any CPU.ActiveCfg = Release|Any CPU
		{7FEBCCFF-7FA9-4F02-A164-FE037C931965}.Release|Any CPU.Build.0 = Release|Any CPU
	EndGlobalSection
	GlobalSection(SolutionProperties) = preSolution
		HideSolutionNode = FALSE
	EndGlobalSection
	GlobalSection(ExtensibilityGlobals) = postSolution
		SolutionGuid = {9C48CB81-7F75-45BC-8EA7-7357B17F1282}
	EndGlobalSection
EndGlobal
