
Microsoft Visual Studio Solution File, Format Version 12.00
# Visual Studio Version 17
VisualStudioVersion = 17.4.33122.133
MinimumVisualStudioVersion = 10.0.40219.1
Project("{FAE04EC0-301F-11D3-BF4B-00C04F79EFBC}") = "Задание 19", "Задание 19.csproj", "{6036592F-B997-4EC2-AB4E-2574ABD3D7DD}"
EndProject
Global
	GlobalSection(SolutionConfigurationPlatforms) = preSolution
		Debug|Any CPU = Debug|Any CPU
		Release|Any CPU = Release|Any CPU
	EndGlobalSection
	GlobalSection(ProjectConfigurationPlatforms) = postSolution
		{6036592F-B997-4EC2-AB4E-2574ABD3D7DD}.Debug|Any CPU.ActiveCfg = Debug|Any CPU
		{6036592F-B997-4EC2-AB4E-2574ABD3D7DD}.Debug|Any CPU.Build.0 = Debug|Any CPU
		{6036592F-B997-4EC2-AB4E-2574ABD3D7DD}.Release|Any CPU.ActiveCfg = Release|Any CPU
		{6036592F-B997-4EC2-AB4E-2574ABD3D7DD}.Release|Any CPU.Build.0 = Release|Any CPU
	EndGlobalSection
	GlobalSection(SolutionProperties) = preSolution
		HideSolutionNode = FALSE
	EndGlobalSection
	GlobalSection(ExtensibilityGlobals) = postSolution
		SolutionGuid = {DDE32E05-2EAB-479A-A9D2-3BFAEACBC884}
	EndGlobalSection
EndGlobal
